// !$*UTF8*$!
{
	archiveVersion = 1;
	classes = {
	};
	objectVersion = 46;
	objects = {

/* Begin PBXBuildFile section */
		BB04438E1BD308E1008910EB /* SDL2.framework in Frameworks */ = {isa = PBXBuildFile; fileRef = BB04438D1BD308E1008910EB /* SDL2.framework */; };
		BB5F86391BD31CF400ACED8C /* main.cpp in Sources */ = {isa = PBXBuildFile; fileRef = BB5F86381BD31CF400ACED8C /* main.cpp */; settings = {ASSET_TAGS = (); }; };
		BB93ECAC1BDD89B2000B2D5E /* libGLEW.a in Frameworks */ = {isa = PBXBuildFile; fileRef = BB93ECAB1BDD89B2000B2D5E /* libGLEW.a */; };
		BB943EA71BE0A3DA00C8BC36 /* Player.cpp in Sources */ = {isa = PBXBuildFile; fileRef = BB943EA61BE0A3DA00C8BC36 /* Player.cpp */; settings = {ASSET_TAGS = (); }; };
		BBC314821BDC3A36003EA665 /* OpenGL.framework in Frameworks */ = {isa = PBXBuildFile; fileRef = BBC314811BDC3A36003EA665 /* OpenGL.framework */; };
		BBC314861BDC3BA4003EA665 /* stdafx.cpp in Sources */ = {isa = PBXBuildFile; fileRef = BBC314841BDC3BA4003EA665 /* stdafx.cpp */; settings = {ASSET_TAGS = (); }; };
		BBC314911BDD763F003EA665 /* Renderer.cpp in Sources */ = {isa = PBXBuildFile; fileRef = BBC3148A1BDD763F003EA665 /* Renderer.cpp */; settings = {ASSET_TAGS = (); }; };
		BBC314921BDD763F003EA665 /* Universe.cpp in Sources */ = {isa = PBXBuildFile; fileRef = BBC3148E1BDD763F003EA665 /* Universe.cpp */; settings = {ASSET_TAGS = (); }; };
/* End PBXBuildFile section */

/* Begin PBXCopyFilesBuildPhase section */
		BB0443811BD30881008910EB /* CopyFiles */ = {
			isa = PBXCopyFilesBuildPhase;
			buildActionMask = 2147483647;
			dstPath = /usr/share/man/man1/;
			dstSubfolderSpec = 0;
			files = (
			);
			runOnlyForDeploymentPostprocessing = 1;
		};
/* End PBXCopyFilesBuildPhase section */

/* Begin PBXFileReference section */
		BB0443831BD30881008910EB /* square */ = {isa = PBXFileReference; explicitFileType = "compiled.mach-o.executable"; includeInIndex = 0; path = square; sourceTree = BUILT_PRODUCTS_DIR; };
		BB04438D1BD308E1008910EB /* SDL2.framework */ = {isa = PBXFileReference; lastKnownFileType = wrapper.framework; name = SDL2.framework; path = ../../../../../Library/Frameworks/SDL2.framework; sourceTree = "<group>"; };
		BB5F86381BD31CF400ACED8C /* main.cpp */ = {isa = PBXFileReference; fileEncoding = 4; lastKnownFileType = sourcecode.cpp.cpp; path = main.cpp; sourceTree = "<group>"; };
		BB93ECAB1BDD89B2000B2D5E /* libGLEW.a */ = {isa = PBXFileReference; lastKnownFileType = archive.ar; name = libGLEW.a; path = ../../../../usr/local/lib/libGLEW.a; sourceTree = "<group>"; };
		BB943EA61BE0A3DA00C8BC36 /* Player.cpp */ = {isa = PBXFileReference; fileEncoding = 4; lastKnownFileType = sourcecode.cpp.cpp; path = Player.cpp; sourceTree = "<group>"; };
		BB943EA81BE0A48C00C8BC36 /* Player.h */ = {isa = PBXFileReference; lastKnownFileType = sourcecode.c.h; path = Player.h; sourceTree = "<group>"; };
		BB943EA91BE4723400C8BC36 /* background.frag */ = {isa = PBXFileReference; fileEncoding = 4; lastKnownFileType = sourcecode.glsl; path = background.frag; sourceTree = "<group>"; };
		BB943EAA1BE4723400C8BC36 /* background.vert */ = {isa = PBXFileReference; fileEncoding = 4; lastKnownFileType = sourcecode.glsl; path = background.vert; sourceTree = "<group>"; };
		BB943EAB1BE4723400C8BC36 /* Entity.h */ = {isa = PBXFileReference; fileEncoding = 4; lastKnownFileType = sourcecode.c.h; path = Entity.h; sourceTree = "<group>"; };
		BB943EAC1BE4723400C8BC36 /* EntityFactory.h */ = {isa = PBXFileReference; fileEncoding = 4; lastKnownFileType = sourcecode.c.h; path = EntityFactory.h; sourceTree = "<group>"; };
		BB943EAD1BE4723400C8BC36 /* sprite.frag */ = {isa = PBXFileReference; fileEncoding = 4; lastKnownFileType = sourcecode.glsl; path = sprite.frag; sourceTree = "<group>"; };
		BB943EAE1BE4723400C8BC36 /* sprite.vert */ = {isa = PBXFileReference; fileEncoding = 4; lastKnownFileType = sourcecode.glsl; path = sprite.vert; sourceTree = "<group>"; };
		BBC314811BDC3A36003EA665 /* OpenGL.framework */ = {isa = PBXFileReference; lastKnownFileType = wrapper.framework; name = OpenGL.framework; path = System/Library/Frameworks/OpenGL.framework; sourceTree = SDKROOT; };
		BBC314831BDC3BA4003EA665 /* mario.bmp */ = {isa = PBXFileReference; lastKnownFileType = image.bmp; path = mario.bmp; sourceTree = "<group>"; };
		BBC314841BDC3BA4003EA665 /* stdafx.cpp */ = {isa = PBXFileReference; fileEncoding = 4; lastKnownFileType = sourcecode.cpp.cpp; path = stdafx.cpp; sourceTree = "<group>"; };
		BBC314851BDC3BA4003EA665 /* stdafx.h */ = {isa = PBXFileReference; fileEncoding = 4; lastKnownFileType = sourcecode.c.h; path = stdafx.h; sourceTree = "<group>"; };
		BBC314881BDD763F003EA665 /* GL_Util.h */ = {isa = PBXFileReference; fileEncoding = 4; lastKnownFileType = sourcecode.c.h; path = GL_Util.h; sourceTree = "<group>"; };
		BBC314891BDD763F003EA665 /* RenderableSprite.h */ = {isa = PBXFileReference; fileEncoding = 4; lastKnownFileType = sourcecode.c.h; path = RenderableSprite.h; sourceTree = "<group>"; };
		BBC3148A1BDD763F003EA665 /* Renderer.cpp */ = {isa = PBXFileReference; fileEncoding = 4; lastKnownFileType = sourcecode.cpp.cpp; path = Renderer.cpp; sourceTree = "<group>"; };
		BBC3148B1BDD763F003EA665 /* Renderer.h */ = {isa = PBXFileReference; fileEncoding = 4; lastKnownFileType = sourcecode.c.h; path = Renderer.h; sourceTree = "<group>"; };
		BBC3148C1BDD763F003EA665 /* SDL_Util.h */ = {isa = PBXFileReference; fileEncoding = 4; lastKnownFileType = sourcecode.c.h; path = SDL_Util.h; sourceTree = "<group>"; };
		BBC3148E1BDD763F003EA665 /* Universe.cpp */ = {isa = PBXFileReference; fileEncoding = 4; lastKnownFileType = sourcecode.cpp.cpp; path = Universe.cpp; sourceTree = "<group>"; };
		BBC3148F1BDD763F003EA665 /* Universe.h */ = {isa = PBXFileReference; fileEncoding = 4; lastKnownFileType = sourcecode.c.h; path = Universe.h; sourceTree = "<group>"; };
/* End PBXFileReference section */

/* Begin PBXFrameworksBuildPhase section */
		BB0443801BD30881008910EB /* Frameworks */ = {
			isa = PBXFrameworksBuildPhase;
			buildActionMask = 2147483647;
			files = (
				BB93ECAC1BDD89B2000B2D5E /* libGLEW.a in Frameworks */,
				BBC314821BDC3A36003EA665 /* OpenGL.framework in Frameworks */,
				BB04438E1BD308E1008910EB /* SDL2.framework in Frameworks */,
			);
			runOnlyForDeploymentPostprocessing = 0;
		};
/* End PBXFrameworksBuildPhase section */

/* Begin PBXGroup section */
		BB04437A1BD30881008910EB = {
			isa = PBXGroup;
			children = (
				BB93ECAB1BDD89B2000B2D5E /* libGLEW.a */,
				BBC314811BDC3A36003EA665 /* OpenGL.framework */,
				BB04438D1BD308E1008910EB /* SDL2.framework */,
				BB0443851BD30881008910EB /* square */,
				BB0443841BD30881008910EB /* Products */,
			);
			sourceTree = "<group>";
		};
		BB0443841BD30881008910EB /* Products */ = {
			isa = PBXGroup;
			children = (
				BB0443831BD30881008910EB /* square */,
			);
			name = Products;
			sourceTree = "<group>";
		};
		BB0443851BD30881008910EB /* square */ = {
			isa = PBXGroup;
			children = (
				BB943EA91BE4723400C8BC36 /* background.frag */,
				BB943EAA1BE4723400C8BC36 /* background.vert */,
				BB943EAB1BE4723400C8BC36 /* Entity.h */,
				BB943EAC1BE4723400C8BC36 /* EntityFactory.h */,
				BBC314881BDD763F003EA665 /* GL_Util.h */,
				BB5F86381BD31CF400ACED8C /* main.cpp */,
				BBC314831BDC3BA4003EA665 /* mario.bmp */,
				BB943EA61BE0A3DA00C8BC36 /* Player.cpp */,
				BB943EA81BE0A48C00C8BC36 /* Player.h */,
				BBC314891BDD763F003EA665 /* RenderableSprite.h */,
				BBC3148A1BDD763F003EA665 /* Renderer.cpp */,
				BBC3148B1BDD763F003EA665 /* Renderer.h */,
				BBC3148C1BDD763F003EA665 /* SDL_Util.h */,
				BB943EAD1BE4723400C8BC36 /* sprite.frag */,
				BB943EAE1BE4723400C8BC36 /* sprite.vert */,
				BBC314841BDC3BA4003EA665 /* stdafx.cpp */,
				BBC314851BDC3BA4003EA665 /* stdafx.h */,
				BBC3148E1BDD763F003EA665 /* Universe.cpp */,
				BBC3148F1BDD763F003EA665 /* Universe.h */,
			);
			path = square;
			sourceTree = "<group>";
		};
/* End PBXGroup section */

/* Begin PBXNativeTarget section */
		BB0443821BD30881008910EB /* square */ = {
			isa = PBXNativeTarget;
			buildConfigurationList = BB04438A1BD30881008910EB /* Build configuration list for PBXNativeTarget "square" */;
			buildPhases = (
				BB04437F1BD30881008910EB /* Sources */,
				BB0443801BD30881008910EB /* Frameworks */,
				BB0443811BD30881008910EB /* CopyFiles */,
			);
			buildRules = (
			);
			dependencies = (
			);
			name = square;
			productName = square;
			productReference = BB0443831BD30881008910EB /* square */;
			productType = "com.apple.product-type.tool";
		};
/* End PBXNativeTarget section */

/* Begin PBXProject section */
		BB04437B1BD30881008910EB /* Project object */ = {
			isa = PBXProject;
			attributes = {
				LastUpgradeCheck = 0700;
				ORGANIZATIONNAME = "Huimin Li";
				TargetAttributes = {
					BB0443821BD30881008910EB = {
						CreatedOnToolsVersion = 7.0.1;
					};
				};
			};
			buildConfigurationList = BB04437E1BD30881008910EB /* Build configuration list for PBXProject "square" */;
			compatibilityVersion = "Xcode 3.2";
			developmentRegion = English;
			hasScannedForEncodings = 0;
			knownRegions = (
				en,
			);
			mainGroup = BB04437A1BD30881008910EB;
			productRefGroup = BB0443841BD30881008910EB /* Products */;
			projectDirPath = "";
			projectRoot = "";
			targets = (
				BB0443821BD30881008910EB /* square */,
			);
		};
/* End PBXProject section */

/* Begin PBXSourcesBuildPhase section */
		BB04437F1BD30881008910EB /* Sources */ = {
			isa = PBXSourcesBuildPhase;
			buildActionMask = 2147483647;
			files = (
				BBC314911BDD763F003EA665 /* Renderer.cpp in Sources */,
				BB5F86391BD31CF400ACED8C /* main.cpp in Sources */,
				BB943EA71BE0A3DA00C8BC36 /* Player.cpp in Sources */,
				BBC314921BDD763F003EA665 /* Universe.cpp in Sources */,
				BBC314861BDC3BA4003EA665 /* stdafx.cpp in Sources */,
			);
			runOnlyForDeploymentPostprocessing = 0;
		};
/* End PBXSourcesBuildPhase section */

/* Begin XCBuildConfiguration section */
		BB0443881BD30881008910EB /* Debug */ = {
			isa = XCBuildConfiguration;
			buildSettings = {
				ALWAYS_SEARCH_USER_PATHS = NO;
				CLANG_CXX_LANGUAGE_STANDARD = "gnu++0x";
				CLANG_CXX_LIBRARY = "libc++";
				CLANG_ENABLE_MODULES = YES;
				CLANG_ENABLE_OBJC_ARC = YES;
				CLANG_WARN_BOOL_CONVERSION = YES;
				CLANG_WARN_CONSTANT_CONVERSION = YES;
				CLANG_WARN_DIRECT_OBJC_ISA_USAGE = YES_ERROR;
				CLANG_WARN_EMPTY_BODY = YES;
				CLANG_WARN_ENUM_CONVERSION = YES;
				CLANG_WARN_INT_CONVERSION = YES;
				CLANG_WARN_OBJC_ROOT_CLASS = YES_ERROR;
				CLANG_WARN_UNREACHABLE_CODE = YES;
				CLANG_WARN__DUPLICATE_METHOD_MATCH = YES;
				COPY_PHASE_STRIP = NO;
				DEBUG_INFORMATION_FORMAT = dwarf;
				ENABLE_STRICT_OBJC_MSGSEND = YES;
				ENABLE_TESTABILITY = YES;
				GCC_C_LANGUAGE_STANDARD = gnu99;
				GCC_DYNAMIC_NO_PIC = NO;
				GCC_NO_COMMON_BLOCKS = YES;
				GCC_OPTIMIZATION_LEVEL = 0;
				GCC_PREPROCESSOR_DEFINITIONS = (
					"DEBUG=1",
					"$(inherited)",
				);
				GCC_WARN_64_TO_32_BIT_CONVERSION = YES;
				GCC_WARN_ABOUT_RETURN_TYPE = YES_ERROR;
				GCC_WARN_UNDECLARED_SELECTOR = YES;
				GCC_WARN_UNINITIALIZED_AUTOS = YES_AGGRESSIVE;
				GCC_WARN_UNUSED_FUNCTION = YES;
				GCC_WARN_UNUSED_VARIABLE = YES;
				MACOSX_DEPLOYMENT_TARGET = 10.10;
				MTL_ENABLE_DEBUG_INFO = YES;
				ONLY_ACTIVE_ARCH = YES;
				SDKROOT = macosx;
			};
			name = Debug;
		};
		BB0443891BD30881008910EB /* Release */ = {
			isa = XCBuildConfiguration;
			buildSettings = {
				ALWAYS_SEARCH_USER_PATHS = NO;
				CLANG_CXX_LANGUAGE_STANDARD = "gnu++0x";
				CLANG_CXX_LIBRARY = "libc++";
				CLANG_ENABLE_MODULES = YES;
				CLANG_ENABLE_OBJC_ARC = YES;
				CLANG_WARN_BOOL_CONVERSION = YES;
				CLANG_WARN_CONSTANT_CONVERSION = YES;
				CLANG_WARN_DIRECT_OBJC_ISA_USAGE = YES_ERROR;
				CLANG_WARN_EMPTY_BODY = YES;
				CLANG_WARN_ENUM_CONVERSION = YES;
				CLANG_WARN_INT_CONVERSION = YES;
				CLANG_WARN_OBJC_ROOT_CLASS = YES_ERROR;
				CLANG_WARN_UNREACHABLE_CODE = YES;
				CLANG_WARN__DUPLICATE_METHOD_MATCH = YES;
				COPY_PHASE_STRIP = NO;
				DEBUG_INFORMATION_FORMAT = "dwarf-with-dsym";
				ENABLE_NS_ASSERTIONS = NO;
				ENABLE_STRICT_OBJC_MSGSEND = YES;
				GCC_C_LANGUAGE_STANDARD = gnu99;
				GCC_NO_COMMON_BLOCKS = YES;
				GCC_WARN_64_TO_32_BIT_CONVERSION = YES;
				GCC_WARN_ABOUT_RETURN_TYPE = YES_ERROR;
				GCC_WARN_UNDECLARED_SELECTOR = YES;
				GCC_WARN_UNINITIALIZED_AUTOS = YES_AGGRESSIVE;
				GCC_WARN_UNUSED_FUNCTION = YES;
				GCC_WARN_UNUSED_VARIABLE = YES;
				MACOSX_DEPLOYMENT_TARGET = 10.10;
				MTL_ENABLE_DEBUG_INFO = NO;
				SDKROOT = macosx;
			};
			name = Release;
		};
		BB04438B1BD30881008910EB /* Debug */ = {
			isa = XCBuildConfiguration;
			buildSettings = {
				CLANG_CXX_LANGUAGE_STANDARD = "gnu++14";
				CLANG_CXX_LIBRARY = "libc++";
				FRAMEWORK_SEARCH_PATHS = (
					"$(inherited)",
					"$(LOCAL_LIBRARY_DIR)/Frameworks",
				);
				HEADER_SEARCH_PATHS = "";
				"HEADER_SEARCH_PATHS[arch=*]" = (
					/usr/local/include,
					/Users/huiminli/dev/square/include,
				);
				"LIBRARY_SEARCH_PATHS[arch=*]" = /usr/local/lib;
				PRODUCT_NAME = "$(TARGET_NAME)";
			};
			name = Debug;
		};
		BB04438C1BD30881008910EB /* Release */ = {
			isa = XCBuildConfiguration;
			buildSettings = {
				CLANG_CXX_LANGUAGE_STANDARD = "gnu++14";
				CLANG_CXX_LIBRARY = "libc++";
				FRAMEWORK_SEARCH_PATHS = (
					"$(inherited)",
					"$(LOCAL_LIBRARY_DIR)/Frameworks",
				);
				"LIBRARY_SEARCH_PATHS[arch=*]" = /usr/local/lib;
				PRODUCT_NAME = "$(TARGET_NAME)";
			};
			name = Release;
		};
/* End XCBuildConfiguration section */

/* Begin XCConfigurationList section */
		BB04437E1BD30881008910EB /* Build configuration list for PBXProject "square" */ = {
			isa = XCConfigurationList;
			buildConfigurations = (
				BB0443881BD30881008910EB /* Debug */,
				BB0443891BD30881008910EB /* Release */,
			);
			defaultConfigurationIsVisible = 0;
			defaultConfigurationName = Release;
		};
		BB04438A1BD30881008910EB /* Build configuration list for PBXNativeTarget "square" */ = {
			isa = XCConfigurationList;
			buildConfigurations = (
				BB04438B1BD30881008910EB /* Debug */,
				BB04438C1BD30881008910EB /* Release */,
			);
			defaultConfigurationIsVisible = 0;
			defaultConfigurationName = Release;
		};
/* End XCConfigurationList section */
	};
	rootObject = BB04437B1BD30881008910EB /* Project object */;
}
