<?xml version="1.0" encoding="utf-8"?>
<Project ToolsVersion="4.0" xmlns="http://schemas.microsoft.com/developer/msbuild/2003">
  <ItemGroup>
    <ClCompile Include="..\..\square\main.cpp" />
    <ClCompile Include="..\..\square\stdafx.cpp" />
    <ClCompile Include="..\..\square\common\glm_ext.cc" />
    <ClCompile Include="..\..\square\core\Scene.cpp" />
    <ClCompile Include="..\..\square\game\Block.cpp" />
    <ClCompile Include="..\..\square\game\Player.cpp" />
    <ClCompile Include="..\..\square\physics\PhysicsGrid.cpp" />
    <ClCompile Include="..\..\square\physics\PhysicsScene.cpp" />
    <ClCompile Include="..\..\square\graphics\Renderer.cpp" />
    <ClCompile Include="..\..\square\graphics\SpriteGridImpl.cc" />
  </ItemGroup>
  <ItemGroup>
    <ClInclude Include="..\..\square\stdafx.h" />
    <ClInclude Include="..\..\square\common\glm_ext.h" />
    <ClInclude Include="..\..\square\common\SDL_Util.h" />
    <ClInclude Include="..\..\square\core\Entity.h" />
    <ClInclude Include="..\..\square\core\EntityFactory.h" />
    <ClInclude Include="..\..\square\core\Scene.h" />
    <ClInclude Include="..\..\square\game\Block.h" />
    <ClInclude Include="..\..\square\game\Player.h" />
    <ClInclude Include="..\..\square\graphics\GL_Util.h" />
    <ClInclude Include="..\..\square\graphics\api\Camera.h" />
    <ClInclude Include="..\..\square\graphics\api\Sprite.h" />
    <ClInclude Include="..\..\square\graphics\api\System.h" />
    <ClInclude Include="..\..\square\physics\api\AABBCollider.h" />
    <ClInclude Include="..\..\square\physics\api\System.h" />
    <ClInclude Include="..\..\square\physics\PhysicsGrid.h" />
    <ClInclude Include="..\..\square\physics\PhysicsScene.h" />
    <ClInclude Include="..\..\square\graphics\Renderer.h" />
    <ClInclude Include="..\..\square\graphics\SpriteGridImpl.h" />
    <ClInclude Include="..\..\square\graphics\api\SpriteGrid.h" />
  </ItemGroup>
</Project>