<?xml version="1.0" encoding="utf-8"?>
<Project ToolsVersion="4.0" xmlns="http://schemas.microsoft.com/developer/msbuild/2003">
  <ItemGroup>
    <ClCompile Include="..\..\square\main.cpp" />
    <ClCompile Include="..\..\square\stdafx.cpp" />
    <ClCompile Include="..\..\square\Renderer.cpp" />
    <ClCompile Include="..\..\square\Universe.cpp" />
    <ClCompile Include="..\..\square\Player.cpp" />
  </ItemGroup>
  <ItemGroup>
    <ClInclude Include="..\..\square\stdafx.h" />
    <ClInclude Include="..\..\square\Renderer.h" />
    <ClInclude Include="..\..\square\Universe.h" />
    <ClInclude Include="..\..\square\SDL_Util.h" />
    <ClInclude Include="..\..\square\GL_Util.h" />
    <ClInclude Include="..\..\square\RenderableSprite.h" />
    <ClInclude Include="..\..\square\Player.h" />
    <ClInclude Include="..\..\square\EntityFactory.h" />
    <ClInclude Include="..\..\square\Entity.h" />
  </ItemGroup>
  <ItemGroup>
    <None Include="..\..\square\vertex.glsl" />
    <None Include="..\..\square\fragment.glsl" />
  </ItemGroup>
</Project>